# THIS IS AN AUTOGENERATED FILE. DO NOT EDIT THIS FILE DIRECTLY.
# yarn lockfile v1


buildertools-config@^0.0.1-beta12:
  version "0.0.1-beta12"
  resolved "https://registry.npmjs.org/buildertools-config/-/buildertools-config-0.0.1-beta12.tgz#7d94206e02650c4ab47bf655d3f863a2c2dbfbb6"

jQuery@^1.7.4:
  version "1.7.4"
  resolved "https://registry.npmjs.org/jQuery/-/jQuery-1.7.4.tgz#f32dc5c85a7044ee864b4443b9ee45f9478ba137"
